// !$*UTF8*$!
{
	archiveVersion = 1;
	classes = {
	};
	objectVersion = 50;
	objects = {

/* Begin PBXBuildFile section */
		8816BA1426F0CFC4001B7F4F /* AppDelegate.swift in Sources */ = {isa = PBXBuildFile; fileRef = 8816BA1326F0CFC4001B7F4F /* AppDelegate.swift */; };
		8816BA1626F0CFC4001B7F4F /* SceneDelegate.swift in Sources */ = {isa = PBXBuildFile; fileRef = 8816BA1526F0CFC4001B7F4F /* SceneDelegate.swift */; };
		8816BA1826F0CFC4001B7F4F /* CompanyViewController.swift in Sources */ = {isa = PBXBuildFile; fileRef = 8816BA1726F0CFC4001B7F4F /* CompanyViewController.swift */; };
		8816BA1D26F0CFC5001B7F4F /* Assets.xcassets in Resources */ = {isa = PBXBuildFile; fileRef = 8816BA1C26F0CFC5001B7F4F /* Assets.xcassets */; };
		8816BA2026F0CFC5001B7F4F /* LaunchScreen.storyboard in Resources */ = {isa = PBXBuildFile; fileRef = 8816BA1E26F0CFC5001B7F4F /* LaunchScreen.storyboard */; };
		8816BA2A26F0D07E001B7F4F /* NetworkService.swift in Sources */ = {isa = PBXBuildFile; fileRef = 8816BA2926F0D07E001B7F4F /* NetworkService.swift */; };
		8816BA2E26F0D202001B7F4F /* Company.swift in Sources */ = {isa = PBXBuildFile; fileRef = 8816BA2D26F0D202001B7F4F /* Company.swift */; };
		8816BA3026F0D221001B7F4F /* Employee.swift in Sources */ = {isa = PBXBuildFile; fileRef = 8816BA2F26F0D221001B7F4F /* Employee.swift */; };
		8816BA3626F0DABC001B7F4F /* CompanyViewModel.swift in Sources */ = {isa = PBXBuildFile; fileRef = 8816BA3526F0DABC001B7F4F /* CompanyViewModel.swift */; };
		8816BA3826F0E9C1001B7F4F /* Response.swift in Sources */ = {isa = PBXBuildFile; fileRef = 8816BA3726F0E9C1001B7F4F /* Response.swift */; };
/* End PBXBuildFile section */

/* Begin PBXFileReference section */
		8816BA1026F0CFC4001B7F4F /* AvitoTestTask.app */ = {isa = PBXFileReference; explicitFileType = wrapper.application; includeInIndex = 0; path = AvitoTestTask.app; sourceTree = BUILT_PRODUCTS_DIR; };
		8816BA1326F0CFC4001B7F4F /* AppDelegate.swift */ = {isa = PBXFileReference; lastKnownFileType = sourcecode.swift; path = AppDelegate.swift; sourceTree = "<group>"; };
		8816BA1526F0CFC4001B7F4F /* SceneDelegate.swift */ = {isa = PBXFileReference; lastKnownFileType = sourcecode.swift; path = SceneDelegate.swift; sourceTree = "<group>"; };
		8816BA1726F0CFC4001B7F4F /* CompanyViewController.swift */ = {isa = PBXFileReference; lastKnownFileType = sourcecode.swift; path = CompanyViewController.swift; sourceTree = "<group>"; };
		8816BA1C26F0CFC5001B7F4F /* Assets.xcassets */ = {isa = PBXFileReference; lastKnownFileType = folder.assetcatalog; path = Assets.xcassets; sourceTree = "<group>"; };
		8816BA1F26F0CFC5001B7F4F /* Base */ = {isa = PBXFileReference; lastKnownFileType = file.storyboard; name = Base; path = Base.lproj/LaunchScreen.storyboard; sourceTree = "<group>"; };
		8816BA2126F0CFC5001B7F4F /* Info.plist */ = {isa = PBXFileReference; lastKnownFileType = text.plist.xml; path = Info.plist; sourceTree = "<group>"; };
		8816BA2926F0D07E001B7F4F /* NetworkService.swift */ = {isa = PBXFileReference; lastKnownFileType = sourcecode.swift; path = NetworkService.swift; sourceTree = "<group>"; };
		8816BA2D26F0D202001B7F4F /* Company.swift */ = {isa = PBXFileReference; lastKnownFileType = sourcecode.swift; path = Company.swift; sourceTree = "<group>"; };
		8816BA2F26F0D221001B7F4F /* Employee.swift */ = {isa = PBXFileReference; lastKnownFileType = sourcecode.swift; path = Employee.swift; sourceTree = "<group>"; };
		8816BA3526F0DABC001B7F4F /* CompanyViewModel.swift */ = {isa = PBXFileReference; lastKnownFileType = sourcecode.swift; path = CompanyViewModel.swift; sourceTree = "<group>"; };
		8816BA3726F0E9C1001B7F4F /* Response.swift */ = {isa = PBXFileReference; lastKnownFileType = sourcecode.swift; path = Response.swift; sourceTree = "<group>"; };
/* End PBXFileReference section */

/* Begin PBXFrameworksBuildPhase section */
		8816BA0D26F0CFC4001B7F4F /* Frameworks */ = {
			isa = PBXFrameworksBuildPhase;
			buildActionMask = 2147483647;
			files = (
			);
			runOnlyForDeploymentPostprocessing = 0;
		};
/* End PBXFrameworksBuildPhase section */

/* Begin PBXGroup section */
		8816BA0726F0CFC4001B7F4F = {
			isa = PBXGroup;
			children = (
				8816BA1226F0CFC4001B7F4F /* AvitoTestTask */,
				8816BA1126F0CFC4001B7F4F /* Products */,
			);
			sourceTree = "<group>";
		};
		8816BA1126F0CFC4001B7F4F /* Products */ = {
			isa = PBXGroup;
			children = (
				8816BA1026F0CFC4001B7F4F /* AvitoTestTask.app */,
			);
			name = Products;
			sourceTree = "<group>";
		};
		8816BA1226F0CFC4001B7F4F /* AvitoTestTask */ = {
			isa = PBXGroup;
			children = (
				8816BA3126F0D6BC001B7F4F /* Modules */,
				8816BA2B26F0D1E6001B7F4F /* Model */,
				8816BA2726F0D06C001B7F4F /* Service */,
				8816BA3926F0EA9A001B7F4F /* SupportingFiles */,
				8816BA2126F0CFC5001B7F4F /* Info.plist */,
			);
			path = AvitoTestTask;
			sourceTree = "<group>";
		};
		8816BA2726F0D06C001B7F4F /* Service */ = {
			isa = PBXGroup;
			children = (
				8816BA2826F0D073001B7F4F /* Networking */,
			);
			path = Service;
			sourceTree = "<group>";
		};
		8816BA2826F0D073001B7F4F /* Networking */ = {
			isa = PBXGroup;
			children = (
				8816BA2926F0D07E001B7F4F /* NetworkService.swift */,
			);
			path = Networking;
			sourceTree = "<group>";
		};
		8816BA2B26F0D1E6001B7F4F /* Model */ = {
			isa = PBXGroup;
			children = (
				8816BA2C26F0D1F3001B7F4F /* API */,
			);
			path = Model;
			sourceTree = "<group>";
		};
		8816BA2C26F0D1F3001B7F4F /* API */ = {
			isa = PBXGroup;
			children = (
				8816BA2D26F0D202001B7F4F /* Company.swift */,
				8816BA2F26F0D221001B7F4F /* Employee.swift */,
				8816BA3726F0E9C1001B7F4F /* Response.swift */,
			);
			path = API;
			sourceTree = "<group>";
		};
		8816BA3126F0D6BC001B7F4F /* Modules */ = {
			isa = PBXGroup;
			children = (
				8816BA3226F0D6C2001B7F4F /* CompanyModule */,
			);
			path = Modules;
			sourceTree = "<group>";
		};
		8816BA3226F0D6C2001B7F4F /* CompanyModule */ = {
			isa = PBXGroup;
			children = (
				8816BA3426F0D6D1001B7F4F /* View */,
				8816BA3326F0D6CA001B7F4F /* ViewModel */,
			);
			path = CompanyModule;
			sourceTree = "<group>";
		};
		8816BA3326F0D6CA001B7F4F /* ViewModel */ = {
			isa = PBXGroup;
			children = (
				8816BA3526F0DABC001B7F4F /* CompanyViewModel.swift */,
			);
			path = ViewModel;
			sourceTree = "<group>";
		};
		8816BA3426F0D6D1001B7F4F /* View */ = {
			isa = PBXGroup;
			children = (
				8816BA1726F0CFC4001B7F4F /* CompanyViewController.swift */,
			);
			path = View;
			sourceTree = "<group>";
		};
		8816BA3926F0EA9A001B7F4F /* SupportingFiles */ = {
			isa = PBXGroup;
			children = (
				8816BA1326F0CFC4001B7F4F /* AppDelegate.swift */,
				8816BA1526F0CFC4001B7F4F /* SceneDelegate.swift */,
				8816BA1C26F0CFC5001B7F4F /* Assets.xcassets */,
				8816BA1E26F0CFC5001B7F4F /* LaunchScreen.storyboard */,
			);
			path = SupportingFiles;
			sourceTree = "<group>";
		};
/* End PBXGroup section */

/* Begin PBXNativeTarget section */
		8816BA0F26F0CFC4001B7F4F /* AvitoTestTask */ = {
			isa = PBXNativeTarget;
			buildConfigurationList = 8816BA2426F0CFC5001B7F4F /* Build configuration list for PBXNativeTarget "AvitoTestTask" */;
			buildPhases = (
				8816BA0C26F0CFC4001B7F4F /* Sources */,
				8816BA0D26F0CFC4001B7F4F /* Frameworks */,
				8816BA0E26F0CFC4001B7F4F /* Resources */,
			);
			buildRules = (
			);
			dependencies = (
			);
			name = AvitoTestTask;
			productName = AvitoTestTask;
			productReference = 8816BA1026F0CFC4001B7F4F /* AvitoTestTask.app */;
			productType = "com.apple.product-type.application";
		};
/* End PBXNativeTarget section */

/* Begin PBXProject section */
		8816BA0826F0CFC4001B7F4F /* Project object */ = {
			isa = PBXProject;
			attributes = {
				LastSwiftUpdateCheck = 1250;
				LastUpgradeCheck = 1250;
				TargetAttributes = {
					8816BA0F26F0CFC4001B7F4F = {
						CreatedOnToolsVersion = 12.5.1;
					};
				};
			};
			buildConfigurationList = 8816BA0B26F0CFC4001B7F4F /* Build configuration list for PBXProject "AvitoTestTask" */;
			compatibilityVersion = "Xcode 9.3";
			developmentRegion = en;
			hasScannedForEncodings = 0;
			knownRegions = (
				en,
				Base,
			);
			mainGroup = 8816BA0726F0CFC4001B7F4F;
			productRefGroup = 8816BA1126F0CFC4001B7F4F /* Products */;
			projectDirPath = "";
			projectRoot = "";
			targets = (
				8816BA0F26F0CFC4001B7F4F /* AvitoTestTask */,
			);
		};
/* End PBXProject section */

/* Begin PBXResourcesBuildPhase section */
		8816BA0E26F0CFC4001B7F4F /* Resources */ = {
			isa = PBXResourcesBuildPhase;
			buildActionMask = 2147483647;
			files = (
				8816BA2026F0CFC5001B7F4F /* LaunchScreen.storyboard in Resources */,
				8816BA1D26F0CFC5001B7F4F /* Assets.xcassets in Resources */,
			);
			runOnlyForDeploymentPostprocessing = 0;
		};
/* End PBXResourcesBuildPhase section */

/* Begin PBXSourcesBuildPhase section */
		8816BA0C26F0CFC4001B7F4F /* Sources */ = {
			isa = PBXSourcesBuildPhase;
			buildActionMask = 2147483647;
			files = (
				8816BA3826F0E9C1001B7F4F /* Response.swift in Sources */,
				8816BA1826F0CFC4001B7F4F /* CompanyViewController.swift in Sources */,
				8816BA3026F0D221001B7F4F /* Employee.swift in Sources */,
				8816BA1426F0CFC4001B7F4F /* AppDelegate.swift in Sources */,
				8816BA2A26F0D07E001B7F4F /* NetworkService.swift in Sources */,
				8816BA2E26F0D202001B7F4F /* Company.swift in Sources */,
				8816BA1626F0CFC4001B7F4F /* SceneDelegate.swift in Sources */,
				8816BA3626F0DABC001B7F4F /* CompanyViewModel.swift in Sources */,
			);
			runOnlyForDeploymentPostprocessing = 0;
		};
/* End PBXSourcesBuildPhase section */

/* Begin PBXVariantGroup section */
		8816BA1E26F0CFC5001B7F4F /* LaunchScreen.storyboard */ = {
			isa = PBXVariantGroup;
			children = (
				8816BA1F26F0CFC5001B7F4F /* Base */,
			);
			name = LaunchScreen.storyboard;
			sourceTree = "<group>";
		};
/* End PBXVariantGroup section */

/* Begin XCBuildConfiguration section */
		8816BA2226F0CFC5001B7F4F /* Debug */ = {
			isa = XCBuildConfiguration;
			buildSettings = {
				ALWAYS_SEARCH_USER_PATHS = NO;
				CLANG_ANALYZER_NONNULL = YES;
				CLANG_ANALYZER_NUMBER_OBJECT_CONVERSION = YES_AGGRESSIVE;
				CLANG_CXX_LANGUAGE_STANDARD = "gnu++14";
				CLANG_CXX_LIBRARY = "libc++";
				CLANG_ENABLE_MODULES = YES;
				CLANG_ENABLE_OBJC_ARC = YES;
				CLANG_ENABLE_OBJC_WEAK = YES;
				CLANG_WARN_BLOCK_CAPTURE_AUTORELEASING = YES;
				CLANG_WARN_BOOL_CONVERSION = YES;
				CLANG_WARN_COMMA = YES;
				CLANG_WARN_CONSTANT_CONVERSION = YES;
				CLANG_WARN_DEPRECATED_OBJC_IMPLEMENTATIONS = YES;
				CLANG_WARN_DIRECT_OBJC_ISA_USAGE = YES_ERROR;
				CLANG_WARN_DOCUMENTATION_COMMENTS = YES;
				CLANG_WARN_EMPTY_BODY = YES;
				CLANG_WARN_ENUM_CONVERSION = YES;
				CLANG_WARN_INFINITE_RECURSION = YES;
				CLANG_WARN_INT_CONVERSION = YES;
				CLANG_WARN_NON_LITERAL_NULL_CONVERSION = YES;
				CLANG_WARN_OBJC_IMPLICIT_RETAIN_SELF = YES;
				CLANG_WARN_OBJC_LITERAL_CONVERSION = YES;
				CLANG_WARN_OBJC_ROOT_CLASS = YES_ERROR;
				CLANG_WARN_QUOTED_INCLUDE_IN_FRAMEWORK_HEADER = YES;
				CLANG_WARN_RANGE_LOOP_ANALYSIS = YES;
				CLANG_WARN_STRICT_PROTOTYPES = YES;
				CLANG_WARN_SUSPICIOUS_MOVE = YES;
				CLANG_WARN_UNGUARDED_AVAILABILITY = YES_AGGRESSIVE;
				CLANG_WARN_UNREACHABLE_CODE = YES;
				CLANG_WARN__DUPLICATE_METHOD_MATCH = YES;
				COPY_PHASE_STRIP = NO;
				DEBUG_INFORMATION_FORMAT = dwarf;
				ENABLE_STRICT_OBJC_MSGSEND = YES;
				ENABLE_TESTABILITY = YES;
				GCC_C_LANGUAGE_STANDARD = gnu11;
				GCC_DYNAMIC_NO_PIC = NO;
				GCC_NO_COMMON_BLOCKS = YES;
				GCC_OPTIMIZATION_LEVEL = 0;
				GCC_PREPROCESSOR_DEFINITIONS = (
					"DEBUG=1",
					"$(inherited)",
				);
				GCC_WARN_64_TO_32_BIT_CONVERSION = YES;
				GCC_WARN_ABOUT_RETURN_TYPE = YES_ERROR;
				GCC_WARN_UNDECLARED_SELECTOR = YES;
				GCC_WARN_UNINITIALIZED_AUTOS = YES_AGGRESSIVE;
				GCC_WARN_UNUSED_FUNCTION = YES;
				GCC_WARN_UNUSED_VARIABLE = YES;
				IPHONEOS_DEPLOYMENT_TARGET = 14.5;
				MTL_ENABLE_DEBUG_INFO = INCLUDE_SOURCE;
				MTL_FAST_MATH = YES;
				ONLY_ACTIVE_ARCH = YES;
				SDKROOT = iphoneos;
				SWIFT_ACTIVE_COMPILATION_CONDITIONS = DEBUG;
				SWIFT_OPTIMIZATION_LEVEL = "-Onone";
			};
			name = Debug;
		};
		8816BA2326F0CFC5001B7F4F /* Release */ = {
			isa = XCBuildConfiguration;
			buildSettings = {
				ALWAYS_SEARCH_USER_PATHS = NO;
				CLANG_ANALYZER_NONNULL = YES;
				CLANG_ANALYZER_NUMBER_OBJECT_CONVERSION = YES_AGGRESSIVE;
				CLANG_CXX_LANGUAGE_STANDARD = "gnu++14";
				CLANG_CXX_LIBRARY = "libc++";
				CLANG_ENABLE_MODULES = YES;
				CLANG_ENABLE_OBJC_ARC = YES;
				CLANG_ENABLE_OBJC_WEAK = YES;
				CLANG_WARN_BLOCK_CAPTURE_AUTORELEASING = YES;
				CLANG_WARN_BOOL_CONVERSION = YES;
				CLANG_WARN_COMMA = YES;
				CLANG_WARN_CONSTANT_CONVERSION = YES;
				CLANG_WARN_DEPRECATED_OBJC_IMPLEMENTATIONS = YES;
				CLANG_WARN_DIRECT_OBJC_ISA_USAGE = YES_ERROR;
				CLANG_WARN_DOCUMENTATION_COMMENTS = YES;
				CLANG_WARN_EMPTY_BODY = YES;
				CLANG_WARN_ENUM_CONVERSION = YES;
				CLANG_WARN_INFINITE_RECURSION = YES;
				CLANG_WARN_INT_CONVERSION = YES;
				CLANG_WARN_NON_LITERAL_NULL_CONVERSION = YES;
				CLANG_WARN_OBJC_IMPLICIT_RETAIN_SELF = YES;
				CLANG_WARN_OBJC_LITERAL_CONVERSION = YES;
				CLANG_WARN_OBJC_ROOT_CLASS = YES_ERROR;
				CLANG_WARN_QUOTED_INCLUDE_IN_FRAMEWORK_HEADER = YES;
				CLANG_WARN_RANGE_LOOP_ANALYSIS = YES;
				CLANG_WARN_STRICT_PROTOTYPES = YES;
				CLANG_WARN_SUSPICIOUS_MOVE = YES;
				CLANG_WARN_UNGUARDED_AVAILABILITY = YES_AGGRESSIVE;
				CLANG_WARN_UNREACHABLE_CODE = YES;
				CLANG_WARN__DUPLICATE_METHOD_MATCH = YES;
				COPY_PHASE_STRIP = NO;
				DEBUG_INFORMATION_FORMAT = "dwarf-with-dsym";
				ENABLE_NS_ASSERTIONS = NO;
				ENABLE_STRICT_OBJC_MSGSEND = YES;
				GCC_C_LANGUAGE_STANDARD = gnu11;
				GCC_NO_COMMON_BLOCKS = YES;
				GCC_WARN_64_TO_32_BIT_CONVERSION = YES;
				GCC_WARN_ABOUT_RETURN_TYPE = YES_ERROR;
				GCC_WARN_UNDECLARED_SELECTOR = YES;
				GCC_WARN_UNINITIALIZED_AUTOS = YES_AGGRESSIVE;
				GCC_WARN_UNUSED_FUNCTION = YES;
				GCC_WARN_UNUSED_VARIABLE = YES;
				IPHONEOS_DEPLOYMENT_TARGET = 14.5;
				MTL_ENABLE_DEBUG_INFO = NO;
				MTL_FAST_MATH = YES;
				SDKROOT = iphoneos;
				SWIFT_COMPILATION_MODE = wholemodule;
				SWIFT_OPTIMIZATION_LEVEL = "-O";
				VALIDATE_PRODUCT = YES;
			};
			name = Release;
		};
		8816BA2526F0CFC5001B7F4F /* Debug */ = {
			isa = XCBuildConfiguration;
			buildSettings = {
				ASSETCATALOG_COMPILER_APPICON_NAME = AppIcon;
				ASSETCATALOG_COMPILER_GLOBAL_ACCENT_COLOR_NAME = AccentColor;
				CODE_SIGN_STYLE = Automatic;
				DEVELOPMENT_TEAM = 44ZWCLCJ2W;
				INFOPLIST_FILE = AvitoTestTask/Info.plist;
				LD_RUNPATH_SEARCH_PATHS = (
					"$(inherited)",
					"@executable_path/Frameworks",
				);
				PRODUCT_BUNDLE_IDENTIFIER = com.gmail.mrvalter566.AvitoTestTask;
				PRODUCT_NAME = "$(TARGET_NAME)";
				SWIFT_VERSION = 5.0;
				TARGETED_DEVICE_FAMILY = "1,2";
			};
			name = Debug;
		};
		8816BA2626F0CFC5001B7F4F /* Release */ = {
			isa = XCBuildConfiguration;
			buildSettings = {
				ASSETCATALOG_COMPILER_APPICON_NAME = AppIcon;
				ASSETCATALOG_COMPILER_GLOBAL_ACCENT_COLOR_NAME = AccentColor;
				CODE_SIGN_STYLE = Automatic;
				DEVELOPMENT_TEAM = 44ZWCLCJ2W;
				INFOPLIST_FILE = AvitoTestTask/Info.plist;
				LD_RUNPATH_SEARCH_PATHS = (
					"$(inherited)",
					"@executable_path/Frameworks",
				);
				PRODUCT_BUNDLE_IDENTIFIER = com.gmail.mrvalter566.AvitoTestTask;
				PRODUCT_NAME = "$(TARGET_NAME)";
				SWIFT_VERSION = 5.0;
				TARGETED_DEVICE_FAMILY = "1,2";
			};
			name = Release;
		};
/* End XCBuildConfiguration section */

/* Begin XCConfigurationList section */
		8816BA0B26F0CFC4001B7F4F /* Build configuration list for PBXProject "AvitoTestTask" */ = {
			isa = XCConfigurationList;
			buildConfigurations = (
				8816BA2226F0CFC5001B7F4F /* Debug */,
				8816BA2326F0CFC5001B7F4F /* Release */,
			);
			defaultConfigurationIsVisible = 0;
			defaultConfigurationName = Release;
		};
		8816BA2426F0CFC5001B7F4F /* Build configuration list for PBXNativeTarget "AvitoTestTask" */ = {
			isa = XCConfigurationList;
			buildConfigurations = (
				8816BA2526F0CFC5001B7F4F /* Debug */,
				8816BA2626F0CFC5001B7F4F /* Release */,
			);
			defaultConfigurationIsVisible = 0;
			defaultConfigurationName = Release;
		};
/* End XCConfigurationList section */
	};
	rootObject = 8816BA0826F0CFC4001B7F4F /* Project object */;
}
